
Microsoft Visual Studio Solution File, Format Version 12.00
# Visual Studio Version 17
VisualStudioVersion = 17.9.34728.123
MinimumVisualStudioVersion = 10.0.40219.1
Project("{FAE04EC0-301F-11D3-BF4B-00C04F79EFBC}") = "MyFirstApp", "MyFirstApp\MyFirstApp.csproj", "{153DC1AA-806A-4953-95D1-AFE15BD6381B}"
EndProject
Global
	GlobalSection(SolutionConfigurationPlatforms) = preSolution
		Debug|Any CPU = Debug|Any CPU
		Release|Any CPU = Release|Any CPU
	EndGlobalSection
	GlobalSection(ProjectConfigurationPlatforms) = postSolution
		{153DC1AA-806A-4953-95D1-AFE15BD6381B}.Debug|Any CPU.ActiveCfg = Debug|Any CPU
		{153DC1AA-806A-4953-95D1-AFE15BD6381B}.Debug|Any CPU.Build.0 = Debug|Any CPU
		{153DC1AA-806A-4953-95D1-AFE15BD6381B}.Release|Any CPU.ActiveCfg = Release|Any CPU
		{153DC1AA-806A-4953-95D1-AFE15BD6381B}.Release|Any CPU.Build.0 = Release|Any CPU
	EndGlobalSection
	GlobalSection(SolutionProperties) = preSolution
		HideSolutionNode = FALSE
	EndGlobalSection
	GlobalSection(ExtensibilityGlobals) = postSolution
		SolutionGuid = {51029CD4-6029-4A2E-AA04-2E29B118E357}
	EndGlobalSection
EndGlobal
